
Microsoft Visual Studio Solution File, Format Version 12.00
# Visual Studio Version 16
VisualStudioVersion = 16.0.29613.14
MinimumVisualStudioVersion = 10.0.40219.1
Project("{FAE04EC0-301F-11D3-BF4B-00C04F79EFBC}") = "partAssembler", "partAssembler\partAssembler.csproj", "{F7CD7E77-1BC1-4E6D-AC29-D22E3C72139C}"
EndProject
Global
	GlobalSection(SolutionConfigurationPlatforms) = preSolution
		Debug|Any CPU = Debug|Any CPU
		Release|Any CPU = Release|Any CPU
	EndGlobalSection
	GlobalSection(ProjectConfigurationPlatforms) = postSolution
		{F7CD7E77-1BC1-4E6D-AC29-D22E3C72139C}.Debug|Any CPU.ActiveCfg = Debug|Any CPU
		{F7CD7E77-1BC1-4E6D-AC29-D22E3C72139C}.Debug|Any CPU.Build.0 = Debug|Any CPU
		{F7CD7E77-1BC1-4E6D-AC29-D22E3C72139C}.Release|Any CPU.ActiveCfg = Release|Any CPU
		{F7CD7E77-1BC1-4E6D-AC29-D22E3C72139C}.Release|Any CPU.Build.0 = Release|Any CPU
	EndGlobalSection
	GlobalSection(SolutionProperties) = preSolution
		HideSolutionNode = FALSE
	EndGlobalSection
	GlobalSection(ExtensibilityGlobals) = postSolution
		SolutionGuid = {3BBC5BBF-3001-4865-B6A2-61B0C8D7F6EA}
	EndGlobalSection
EndGlobal
